{
    "name": "messagesender",
    "version": "1.0.0",
    "lockfileVersion": 2,
    "requires": true,
    "packages": {
        "": {
            "name": "messagesender",
            "version": "1.0.0",
            "license": "MIT",
            "dependencies": {
                "@types/chrome": "^0.0.133",
                "@types/firefox-webext-browser": "^82.0.0",
                "typescript": "^4.2.2"
            }
        },
        "node_modules/@types/chrome": {
            "version": "0.0.133",
            "resolved": "https://registry.npmjs.org/@types/chrome/-/chrome-0.0.133.tgz",
            "integrity": "sha512-G8uIUdaCTBILprQvQXBWGXZxjAWbkCkFQit17cdH3zYQEwU8f/etNl8+M7e8MRz9Xj8daHaVpysneMZMx8/ldQ==",
            "dependencies": {
                "@types/filesystem": "*",
                "@types/har-format": "*"
            }
        },
        "node_modules/@types/filesystem": {
            "version": "0.0.29",
            "resolved": "https://registry.npmjs.org/@types/filesystem/-/filesystem-0.0.29.tgz",
            "integrity": "sha512-85/1KfRedmfPGsbK8YzeaQUyV1FQAvMPMTuWFQ5EkLd2w7szhNO96bk3Rh/SKmOfd9co2rCLf0Voy4o7ECBOvw==",
            "dependencies": {
                "@types/filewriter": "*"
            }
        },
        "node_modules/@types/filewriter": {
            "version": "0.0.28",
            "resolved": "https://registry.npmjs.org/@types/filewriter/-/filewriter-0.0.28.tgz",
            "integrity": "sha1-wFTor02d11205jq8dviFFocU1LM="
        },
        "node_modules/@types/firefox-webext-browser": {
            "version": "82.0.0",
            "resolved": "https://registry.npmjs.org/@types/firefox-webext-browser/-/firefox-webext-browser-82.0.0.tgz",
            "integrity": "sha512-zKHePkjMx42KIUUZCPcUiyu1tpfQXH9VR4iDYfns3HvmKVJzt/TAFT+DFVroos8BI9RH78YgF3Hi/wlC6R6cKA=="
        },
        "node_modules/@types/har-format": {
            "version": "1.2.5",
            "resolved": "https://registry.npmjs.org/@types/har-format/-/har-format-1.2.5.tgz",
            "integrity": "sha512-IG8AE1m2pWtPqQ7wXhFhy6Q59bwwnLwO36v5Rit2FrbXCIp8Sk8E2PfUCreyrdo17STwFSKDAkitVuVYbpEHvQ=="
        },
        "node_modules/typescript": {
            "version": "4.2.2",
            "resolved": "https://registry.npmjs.org/typescript/-/typescript-4.2.2.tgz",
            "integrity": "sha512-tbb+NVrLfnsJy3M59lsDgrzWIflR4d4TIUjz+heUnHZwdF7YsrMTKoRERiIvI2lvBG95dfpLxB21WZhys1bgaQ==",
            "bin": {
                "tsc": "bin/tsc",
                "tsserver": "bin/tsserver"
            },
            "engines": {
                "node": ">=4.2.0"
            }
        }
    },
    "dependencies": {
        "@types/chrome": {
            "version": "0.0.133",
            "resolved": "https://registry.npmjs.org/@types/chrome/-/chrome-0.0.133.tgz",
            "integrity": "sha512-G8uIUdaCTBILprQvQXBWGXZxjAWbkCkFQit17cdH3zYQEwU8f/etNl8+M7e8MRz9Xj8daHaVpysneMZMx8/ldQ==",
            "requires": {
                "@types/filesystem": "*",
                "@types/har-format": "*"
            }
        },
        "@types/filesystem": {
            "version": "0.0.29",
            "resolved": "https://registry.npmjs.org/@types/filesystem/-/filesystem-0.0.29.tgz",
            "integrity": "sha512-85/1KfRedmfPGsbK8YzeaQUyV1FQAvMPMTuWFQ5EkLd2w7szhNO96bk3Rh/SKmOfd9co2rCLf0Voy4o7ECBOvw==",
            "requires": {
                "@types/filewriter": "*"
            }
        },
        "@types/filewriter": {
            "version": "0.0.28",
            "resolved": "https://registry.npmjs.org/@types/filewriter/-/filewriter-0.0.28.tgz",
            "integrity": "sha1-wFTor02d11205jq8dviFFocU1LM="
        },
        "@types/firefox-webext-browser": {
            "version": "82.0.0",
            "resolved": "https://registry.npmjs.org/@types/firefox-webext-browser/-/firefox-webext-browser-82.0.0.tgz",
            "integrity": "sha512-zKHePkjMx42KIUUZCPcUiyu1tpfQXH9VR4iDYfns3HvmKVJzt/TAFT+DFVroos8BI9RH78YgF3Hi/wlC6R6cKA=="
        },
        "@types/har-format": {
            "version": "1.2.5",
            "resolved": "https://registry.npmjs.org/@types/har-format/-/har-format-1.2.5.tgz",
            "integrity": "sha512-IG8AE1m2pWtPqQ7wXhFhy6Q59bwwnLwO36v5Rit2FrbXCIp8Sk8E2PfUCreyrdo17STwFSKDAkitVuVYbpEHvQ=="
        },
        "typescript": {
            "version": "4.2.2",
            "resolved": "https://registry.npmjs.org/typescript/-/typescript-4.2.2.tgz",
            "integrity": "sha512-tbb+NVrLfnsJy3M59lsDgrzWIflR4d4TIUjz+heUnHZwdF7YsrMTKoRERiIvI2lvBG95dfpLxB21WZhys1bgaQ=="
        }
    }
}
